
Microsoft Visual Studio Solution File, Format Version 12.00
# Visual Studio 15
VisualStudioVersion = 15.0.28010.2050
MinimumVisualStudioVersion = 10.0.40219.1
Project("{FAE04EC0-301F-11D3-BF4B-00C04F79EFBC}") = "ZBraillePrinter", "GcoderPrinter\ZBraillePrinter.csproj", "{DEA0D143-ADBB-42CA-85E1-771423A1F2EB}"
EndProject
Global
	GlobalSection(SolutionConfigurationPlatforms) = preSolution
		Debug|Any CPU = Debug|Any CPU
		Release|Any CPU = Release|Any CPU
	EndGlobalSection
	GlobalSection(ProjectConfigurationPlatforms) = postSolution
		{DEA0D143-ADBB-42CA-85E1-771423A1F2EB}.Debug|Any CPU.ActiveCfg = Debug|Any CPU
		{DEA0D143-ADBB-42CA-85E1-771423A1F2EB}.Debug|Any CPU.Build.0 = Debug|Any CPU
		{DEA0D143-ADBB-42CA-85E1-771423A1F2EB}.Release|Any CPU.ActiveCfg = Release|Any CPU
		{DEA0D143-ADBB-42CA-85E1-771423A1F2EB}.Release|Any CPU.Build.0 = Release|Any CPU
	EndGlobalSection
	GlobalSection(SolutionProperties) = preSolution
		HideSolutionNode = FALSE
	EndGlobalSection
	GlobalSection(ExtensibilityGlobals) = postSolution
		SolutionGuid = {6E1ED66D-50C8-4C82-B20A-6BD589096736}
	EndGlobalSection
EndGlobal
